
Microsoft Visual Studio Solution File, Format Version 12.00
# Visual Studio Version 17
VisualStudioVersion = 17.11.35327.3
MinimumVisualStudioVersion = 10.0.40219.1
Project("{2150E333-8FDC-42A3-9474-1A3956D46DE8}") = "src", "src", "{1E6CD8C6-9171-4122-B196-0396292F13D9}"
EndProject
Project("{2150E333-8FDC-42A3-9474-1A3956D46DE8}") = "1-Services", "1-Services", "{223A7BD6-E089-4E6D-BFBA-A01A2AAF566B}"
EndProject
Project("{2150E333-8FDC-42A3-9474-1A3956D46DE8}") = "2-Application", "2-Application", "{F648FB5D-8F97-4276-92EF-298FC6D48836}"
EndProject
Project("{2150E333-8FDC-42A3-9474-1A3956D46DE8}") = "3-Domain", "3-Domain", "{E9FE010B-6393-4579-AE5B-4C7EAACAFE9F}"
EndProject
Project("{2150E333-8FDC-42A3-9474-1A3956D46DE8}") = "4-Infra", "4-Infra", "{3F4B2386-84CF-4D8E-871E-354FB7919D8B}"
EndProject
Project("{2150E333-8FDC-42A3-9474-1A3956D46DE8}") = "5-Anticorruption", "5-Anticorruption", "{5C13D6D3-346B-4810-9785-CDE470184D34}"
EndProject
Project("{9A19103F-16F7-4668-BE54-9A1E7A4F7556}") = "Meli.Interview.Bff", "src\Meli.Interview.Bff\Meli.Interview.Bff.csproj", "{6DF13E02-9C7A-49B4-AC05-E6F0F91DB138}"
EndProject
Project("{9A19103F-16F7-4668-BE54-9A1E7A4F7556}") = "Meli.Interview.DistroCenter", "src\Meli.Interview.DistroCenter\Meli.Interview.DistroCenter.csproj", "{D1ACE596-B313-417F-A352-1A67DA5BFB03}"
EndProject
Project("{9A19103F-16F7-4668-BE54-9A1E7A4F7556}") = "Meli.Interview.Express", "src\Meli.Interview.Express\Meli.Interview.Express.csproj", "{83D03548-F429-49E8-BBAA-69D6882F3D04}"
EndProject
Project("{FAE04EC0-301F-11D3-BF4B-00C04F79EFBC}") = "Meli.Interview.Application", "src\Meli.Interview.Application\Meli.Interview.Application\Meli.Interview.Application.csproj", "{CA620580-360D-4B3A-9CB8-3CF705B7BC03}"
EndProject
Project("{FAE04EC0-301F-11D3-BF4B-00C04F79EFBC}") = "Meli.Interview.Domain", "src\Meli.Interview.Domain\Meli.Interview.Domain\Meli.Interview.Domain.csproj", "{DF8A55A2-C9C6-41EB-8535-964A49D70A77}"
EndProject
Project("{FAE04EC0-301F-11D3-BF4B-00C04F79EFBC}") = "Meli.Interview.CrossCutting.IoC", "Meli.Interview.CrossCutting\Meli.Interview.CrossCutting.IoC.csproj", "{34185A12-BB7C-4FA5-8187-5DF99993C7A9}"
EndProject
Project("{2150E333-8FDC-42A3-9474-1A3956D46DE8}") = "4.2-CrossCutting", "4.2-CrossCutting", "{959C28EC-3090-4AAA-B6BD-4D1F31F4E26D}"
EndProject
Project("{FAE04EC0-301F-11D3-BF4B-00C04F79EFBC}") = "Meli.Interview.Domain.Core", "src\Meli.Interview.Domain.Core\Meli.Interview.Domain.Core\Meli.Interview.Domain.Core.csproj", "{C0AE99A4-0599-42FB-936A-4C03D990C3BD}"
EndProject
Project("{2150E333-8FDC-42A3-9474-1A3956D46DE8}") = "4.1-Data", "4.1-Data", "{9EF5C828-9268-4AC7-A6AD-3F6C35F103F0}"
EndProject
Project("{FAE04EC0-301F-11D3-BF4B-00C04F79EFBC}") = "Meli.Interview.Infra.Data", "src\Meli.Interview.Infra.Data\Meli.Interview.Infra.Data.csproj", "{9B4F2B44-D627-46EC-B15E-68FAA3EE93C1}"
EndProject
Project("{2150E333-8FDC-42A3-9474-1A3956D46DE8}") = "Solution Items", "Solution Items", "{B36E6528-DA65-4982-9A7C-C10B212BACCD}"
	ProjectSection(SolutionItems) = preProject
		readme.md = readme.md
	EndProjectSection
EndProject
Global
	GlobalSection(SolutionConfigurationPlatforms) = preSolution
		Debug|Any CPU = Debug|Any CPU
		Release|Any CPU = Release|Any CPU
	EndGlobalSection
	GlobalSection(ProjectConfigurationPlatforms) = postSolution
		{6DF13E02-9C7A-49B4-AC05-E6F0F91DB138}.Debug|Any CPU.ActiveCfg = Debug|Any CPU
		{6DF13E02-9C7A-49B4-AC05-E6F0F91DB138}.Debug|Any CPU.Build.0 = Debug|Any CPU
		{6DF13E02-9C7A-49B4-AC05-E6F0F91DB138}.Release|Any CPU.ActiveCfg = Release|Any CPU
		{6DF13E02-9C7A-49B4-AC05-E6F0F91DB138}.Release|Any CPU.Build.0 = Release|Any CPU
		{D1ACE596-B313-417F-A352-1A67DA5BFB03}.Debug|Any CPU.ActiveCfg = Debug|Any CPU
		{D1ACE596-B313-417F-A352-1A67DA5BFB03}.Debug|Any CPU.Build.0 = Debug|Any CPU
		{D1ACE596-B313-417F-A352-1A67DA5BFB03}.Release|Any CPU.ActiveCfg = Release|Any CPU
		{D1ACE596-B313-417F-A352-1A67DA5BFB03}.Release|Any CPU.Build.0 = Release|Any CPU
		{83D03548-F429-49E8-BBAA-69D6882F3D04}.Debug|Any CPU.ActiveCfg = Debug|Any CPU
		{83D03548-F429-49E8-BBAA-69D6882F3D04}.Debug|Any CPU.Build.0 = Debug|Any CPU
		{83D03548-F429-49E8-BBAA-69D6882F3D04}.Release|Any CPU.ActiveCfg = Release|Any CPU
		{83D03548-F429-49E8-BBAA-69D6882F3D04}.Release|Any CPU.Build.0 = Release|Any CPU
		{CA620580-360D-4B3A-9CB8-3CF705B7BC03}.Debug|Any CPU.ActiveCfg = Debug|Any CPU
		{CA620580-360D-4B3A-9CB8-3CF705B7BC03}.Debug|Any CPU.Build.0 = Debug|Any CPU
		{CA620580-360D-4B3A-9CB8-3CF705B7BC03}.Release|Any CPU.ActiveCfg = Release|Any CPU
		{CA620580-360D-4B3A-9CB8-3CF705B7BC03}.Release|Any CPU.Build.0 = Release|Any CPU
		{DF8A55A2-C9C6-41EB-8535-964A49D70A77}.Debug|Any CPU.ActiveCfg = Debug|Any CPU
		{DF8A55A2-C9C6-41EB-8535-964A49D70A77}.Debug|Any CPU.Build.0 = Debug|Any CPU
		{DF8A55A2-C9C6-41EB-8535-964A49D70A77}.Release|Any CPU.ActiveCfg = Release|Any CPU
		{DF8A55A2-C9C6-41EB-8535-964A49D70A77}.Release|Any CPU.Build.0 = Release|Any CPU
		{34185A12-BB7C-4FA5-8187-5DF99993C7A9}.Debug|Any CPU.ActiveCfg = Debug|Any CPU
		{34185A12-BB7C-4FA5-8187-5DF99993C7A9}.Debug|Any CPU.Build.0 = Debug|Any CPU
		{34185A12-BB7C-4FA5-8187-5DF99993C7A9}.Release|Any CPU.ActiveCfg = Release|Any CPU
		{34185A12-BB7C-4FA5-8187-5DF99993C7A9}.Release|Any CPU.Build.0 = Release|Any CPU
		{C0AE99A4-0599-42FB-936A-4C03D990C3BD}.Debug|Any CPU.ActiveCfg = Debug|Any CPU
		{C0AE99A4-0599-42FB-936A-4C03D990C3BD}.Debug|Any CPU.Build.0 = Debug|Any CPU
		{C0AE99A4-0599-42FB-936A-4C03D990C3BD}.Release|Any CPU.ActiveCfg = Release|Any CPU
		{C0AE99A4-0599-42FB-936A-4C03D990C3BD}.Release|Any CPU.Build.0 = Release|Any CPU
		{9B4F2B44-D627-46EC-B15E-68FAA3EE93C1}.Debug|Any CPU.ActiveCfg = Debug|Any CPU
		{9B4F2B44-D627-46EC-B15E-68FAA3EE93C1}.Debug|Any CPU.Build.0 = Debug|Any CPU
		{9B4F2B44-D627-46EC-B15E-68FAA3EE93C1}.Release|Any CPU.ActiveCfg = Release|Any CPU
		{9B4F2B44-D627-46EC-B15E-68FAA3EE93C1}.Release|Any CPU.Build.0 = Release|Any CPU
	EndGlobalSection
	GlobalSection(SolutionProperties) = preSolution
		HideSolutionNode = FALSE
	EndGlobalSection
	GlobalSection(NestedProjects) = preSolution
		{223A7BD6-E089-4E6D-BFBA-A01A2AAF566B} = {1E6CD8C6-9171-4122-B196-0396292F13D9}
		{F648FB5D-8F97-4276-92EF-298FC6D48836} = {1E6CD8C6-9171-4122-B196-0396292F13D9}
		{E9FE010B-6393-4579-AE5B-4C7EAACAFE9F} = {1E6CD8C6-9171-4122-B196-0396292F13D9}
		{3F4B2386-84CF-4D8E-871E-354FB7919D8B} = {1E6CD8C6-9171-4122-B196-0396292F13D9}
		{5C13D6D3-346B-4810-9785-CDE470184D34} = {1E6CD8C6-9171-4122-B196-0396292F13D9}
		{6DF13E02-9C7A-49B4-AC05-E6F0F91DB138} = {223A7BD6-E089-4E6D-BFBA-A01A2AAF566B}
		{D1ACE596-B313-417F-A352-1A67DA5BFB03} = {223A7BD6-E089-4E6D-BFBA-A01A2AAF566B}
		{83D03548-F429-49E8-BBAA-69D6882F3D04} = {223A7BD6-E089-4E6D-BFBA-A01A2AAF566B}
		{CA620580-360D-4B3A-9CB8-3CF705B7BC03} = {F648FB5D-8F97-4276-92EF-298FC6D48836}
		{DF8A55A2-C9C6-41EB-8535-964A49D70A77} = {E9FE010B-6393-4579-AE5B-4C7EAACAFE9F}
		{34185A12-BB7C-4FA5-8187-5DF99993C7A9} = {959C28EC-3090-4AAA-B6BD-4D1F31F4E26D}
		{959C28EC-3090-4AAA-B6BD-4D1F31F4E26D} = {3F4B2386-84CF-4D8E-871E-354FB7919D8B}
		{C0AE99A4-0599-42FB-936A-4C03D990C3BD} = {E9FE010B-6393-4579-AE5B-4C7EAACAFE9F}
		{9EF5C828-9268-4AC7-A6AD-3F6C35F103F0} = {3F4B2386-84CF-4D8E-871E-354FB7919D8B}
		{9B4F2B44-D627-46EC-B15E-68FAA3EE93C1} = {9EF5C828-9268-4AC7-A6AD-3F6C35F103F0}
	EndGlobalSection
	GlobalSection(ExtensibilityGlobals) = postSolution
		SolutionGuid = {916DB99C-8D56-47A9-8BE5-1F5B08985296}
	EndGlobalSection
EndGlobal
